
Microsoft Visual Studio Solution File, Format Version 12.00
# Visual Studio Version 17
VisualStudioVersion = 17.5.002.0
MinimumVisualStudioVersion = 10.0.40219.1
Project("{9A19103F-16F7-4668-BE54-9A1E7A4F7556}") = "15. Rödmarkerade bokstäver 3", "15. Rödmarkerade bokstäver 3.csproj", "{2F46364C-05BC-4D22-831F-46EA310C6D8F}"
EndProject
Global
	GlobalSection(SolutionConfigurationPlatforms) = preSolution
		Debug|Any CPU = Debug|Any CPU
		Release|Any CPU = Release|Any CPU
	EndGlobalSection
	GlobalSection(ProjectConfigurationPlatforms) = postSolution
		{2F46364C-05BC-4D22-831F-46EA310C6D8F}.Debug|Any CPU.ActiveCfg = Debug|Any CPU
		{2F46364C-05BC-4D22-831F-46EA310C6D8F}.Debug|Any CPU.Build.0 = Debug|Any CPU
		{2F46364C-05BC-4D22-831F-46EA310C6D8F}.Release|Any CPU.ActiveCfg = Release|Any CPU
		{2F46364C-05BC-4D22-831F-46EA310C6D8F}.Release|Any CPU.Build.0 = Release|Any CPU
	EndGlobalSection
	GlobalSection(SolutionProperties) = preSolution
		HideSolutionNode = FALSE
	EndGlobalSection
	GlobalSection(ExtensibilityGlobals) = postSolution
		SolutionGuid = {6A791F5E-E715-4603-A9AE-D80931D90B64}
	EndGlobalSection
EndGlobal
