
Microsoft Visual Studio Solution File, Format Version 12.00
# Visual Studio Version 17
VisualStudioVersion = 17.5.002.0
MinimumVisualStudioVersion = 10.0.40219.1
Project("{2150E333-8FDC-42A3-9474-1A3956D46DE8}") = "Indexering", "Indexering", "{97C7B094-52FC-41A5-B8FC-45EAAECB8917}"
EndProject
Project("{2150E333-8FDC-42A3-9474-1A3956D46DE8}") = "3. Baklänges", "3. Baklänges", "{93FB5DD0-464D-42F5-A404-4C067473BE6D}"
EndProject
Project("{9A19103F-16F7-4668-BE54-9A1E7A4F7556}") = "Baklänges", "Indexering\3. Baklänges\Baklänges\Baklänges.csproj", "{F0603815-F567-4368-8D05-9C3BD9CE4FA5}"
EndProject
Project("{2150E333-8FDC-42A3-9474-1A3956D46DE8}") = "2. Siffror till text", "2. Siffror till text", "{015D00E3-3DF1-453A-B76D-ECAC9E41A52A}"
EndProject
Project("{9A19103F-16F7-4668-BE54-9A1E7A4F7556}") = "STT", "Indexering\2. Siffror till text\STT\STT.csproj", "{BBCC7DC5-698F-430E-996E-22D6294087D2}"
EndProject
Project("{2150E333-8FDC-42A3-9474-1A3956D46DE8}") = "4. Dölj vokaler", "4. Dölj vokaler", "{D0321E92-4F8C-466F-AFEB-9CE29D634196}"
EndProject
Project("{9A19103F-16F7-4668-BE54-9A1E7A4F7556}") = "DV", "Indexering\4. Dölj vokaler\DV\DV.csproj", "{B8094FE3-EEF2-428D-9D8F-6479ED8EA4DA}"
EndProject
Project("{2150E333-8FDC-42A3-9474-1A3956D46DE8}") = "1. Bokstav på varje rad", "1. Bokstav på varje rad", "{FBB1A287-D415-4489-926A-AE9535DA97FD}"
EndProject
Project("{9A19103F-16F7-4668-BE54-9A1E7A4F7556}") = "BPVR", "Indexering\1. Bokstav på varje rad\BPVR\BPVR.csproj", "{18424C41-86A3-4A3B-98B6-13DC5C889388}"
EndProject
Project("{2150E333-8FDC-42A3-9474-1A3956D46DE8}") = "6. Miniräknare", "6. Miniräknare", "{6B32A4DC-6005-42A6-AEA6-2CEA20BA3D60}"
EndProject
Project("{9A19103F-16F7-4668-BE54-9A1E7A4F7556}") = "Miniräknare", "Indexering\6. Miniräknare\Miniräknare\Miniräknare.csproj", "{5084F252-2B9F-4AAB-96E3-BC6E518E3502}"
EndProject
Project("{2150E333-8FDC-42A3-9474-1A3956D46DE8}") = "Variabler", "Variabler", "{6B3CCECE-E705-49E5-9D41-33158C9B050A}"
EndProject
Project("{2150E333-8FDC-42A3-9474-1A3956D46DE8}") = "2. MTT", "2. MTT", "{1263FF6D-91AD-4C25-BE30-F15FB31A1A1C}"
EndProject
Project("{9A19103F-16F7-4668-BE54-9A1E7A4F7556}") = "MTT", "Variabler\2. MTT\MTT\MTT.csproj", "{4BF40DA7-E6CD-4A9D-BC7F-9C9E1C9BA118}"
EndProject
Project("{2150E333-8FDC-42A3-9474-1A3956D46DE8}") = "1. HPA", "1. HPA", "{CDDE834A-D8AA-44E9-8208-17B1ACF54F2E}"
EndProject
Project("{9A19103F-16F7-4668-BE54-9A1E7A4F7556}") = "HPA", "Variabler\1. HPA\HPA\HPA.csproj", "{3A4D576F-7E5C-45D8-B238-736CEA0DF07C}"
EndProject
Project("{2150E333-8FDC-42A3-9474-1A3956D46DE8}") = "3. Lösenord", "3. Lösenord", "{4D56D81F-AA2A-4AE0-8E3B-80571D150214}"
EndProject
Project("{9A19103F-16F7-4668-BE54-9A1E7A4F7556}") = "Lösenord", "Variabler\3. Lösenord\Lösenord\Lösenord.csproj", "{78794A08-0B1F-456B-BE3D-6DC73BC881C9}"
EndProject
Project("{FAE04EC0-301F-11D3-BF4B-00C04F79EFBC}") = "Lösen", "Lösen\Lösen.csproj", "{83665ACD-0B2E-481B-A801-A2447E453215}"
EndProject
Project("{2150E333-8FDC-42A3-9474-1A3956D46DE8}") = "3. Lösenord", "3. Lösenord", "{11B7D606-6333-4F9E-94C3-8D694CF642FF}"
EndProject
Project("{FAE04EC0-301F-11D3-BF4B-00C04F79EFBC}") = "Lösen", "Variabler\3. Lösenord\Lösen\Lösen.csproj", "{6B4CA8D8-9E0C-44B4-B096-7E46D2DBBB81}"
EndProject
Global
	GlobalSection(SolutionConfigurationPlatforms) = preSolution
		Debug|Any CPU = Debug|Any CPU
		Release|Any CPU = Release|Any CPU
	EndGlobalSection
	GlobalSection(ProjectConfigurationPlatforms) = postSolution
		{F0603815-F567-4368-8D05-9C3BD9CE4FA5}.Debug|Any CPU.ActiveCfg = Debug|Any CPU
		{F0603815-F567-4368-8D05-9C3BD9CE4FA5}.Debug|Any CPU.Build.0 = Debug|Any CPU
		{F0603815-F567-4368-8D05-9C3BD9CE4FA5}.Release|Any CPU.ActiveCfg = Release|Any CPU
		{F0603815-F567-4368-8D05-9C3BD9CE4FA5}.Release|Any CPU.Build.0 = Release|Any CPU
		{BBCC7DC5-698F-430E-996E-22D6294087D2}.Debug|Any CPU.ActiveCfg = Debug|Any CPU
		{BBCC7DC5-698F-430E-996E-22D6294087D2}.Debug|Any CPU.Build.0 = Debug|Any CPU
		{BBCC7DC5-698F-430E-996E-22D6294087D2}.Release|Any CPU.ActiveCfg = Release|Any CPU
		{BBCC7DC5-698F-430E-996E-22D6294087D2}.Release|Any CPU.Build.0 = Release|Any CPU
		{B8094FE3-EEF2-428D-9D8F-6479ED8EA4DA}.Debug|Any CPU.ActiveCfg = Debug|Any CPU
		{B8094FE3-EEF2-428D-9D8F-6479ED8EA4DA}.Debug|Any CPU.Build.0 = Debug|Any CPU
		{B8094FE3-EEF2-428D-9D8F-6479ED8EA4DA}.Release|Any CPU.ActiveCfg = Release|Any CPU
		{B8094FE3-EEF2-428D-9D8F-6479ED8EA4DA}.Release|Any CPU.Build.0 = Release|Any CPU
		{18424C41-86A3-4A3B-98B6-13DC5C889388}.Debug|Any CPU.ActiveCfg = Debug|Any CPU
		{18424C41-86A3-4A3B-98B6-13DC5C889388}.Debug|Any CPU.Build.0 = Debug|Any CPU
		{18424C41-86A3-4A3B-98B6-13DC5C889388}.Release|Any CPU.ActiveCfg = Release|Any CPU
		{18424C41-86A3-4A3B-98B6-13DC5C889388}.Release|Any CPU.Build.0 = Release|Any CPU
		{5084F252-2B9F-4AAB-96E3-BC6E518E3502}.Debug|Any CPU.ActiveCfg = Debug|Any CPU
		{5084F252-2B9F-4AAB-96E3-BC6E518E3502}.Debug|Any CPU.Build.0 = Debug|Any CPU
		{5084F252-2B9F-4AAB-96E3-BC6E518E3502}.Release|Any CPU.ActiveCfg = Release|Any CPU
		{5084F252-2B9F-4AAB-96E3-BC6E518E3502}.Release|Any CPU.Build.0 = Release|Any CPU
		{4BF40DA7-E6CD-4A9D-BC7F-9C9E1C9BA118}.Debug|Any CPU.ActiveCfg = Debug|Any CPU
		{4BF40DA7-E6CD-4A9D-BC7F-9C9E1C9BA118}.Debug|Any CPU.Build.0 = Debug|Any CPU
		{4BF40DA7-E6CD-4A9D-BC7F-9C9E1C9BA118}.Release|Any CPU.ActiveCfg = Release|Any CPU
		{4BF40DA7-E6CD-4A9D-BC7F-9C9E1C9BA118}.Release|Any CPU.Build.0 = Release|Any CPU
		{3A4D576F-7E5C-45D8-B238-736CEA0DF07C}.Debug|Any CPU.ActiveCfg = Debug|Any CPU
		{3A4D576F-7E5C-45D8-B238-736CEA0DF07C}.Debug|Any CPU.Build.0 = Debug|Any CPU
		{3A4D576F-7E5C-45D8-B238-736CEA0DF07C}.Release|Any CPU.ActiveCfg = Release|Any CPU
		{3A4D576F-7E5C-45D8-B238-736CEA0DF07C}.Release|Any CPU.Build.0 = Release|Any CPU
		{78794A08-0B1F-456B-BE3D-6DC73BC881C9}.Debug|Any CPU.ActiveCfg = Debug|Any CPU
		{78794A08-0B1F-456B-BE3D-6DC73BC881C9}.Debug|Any CPU.Build.0 = Debug|Any CPU
		{78794A08-0B1F-456B-BE3D-6DC73BC881C9}.Release|Any CPU.ActiveCfg = Release|Any CPU
		{78794A08-0B1F-456B-BE3D-6DC73BC881C9}.Release|Any CPU.Build.0 = Release|Any CPU
		{83665ACD-0B2E-481B-A801-A2447E453215}.Debug|Any CPU.ActiveCfg = Debug|Any CPU
		{83665ACD-0B2E-481B-A801-A2447E453215}.Debug|Any CPU.Build.0 = Debug|Any CPU
		{83665ACD-0B2E-481B-A801-A2447E453215}.Release|Any CPU.ActiveCfg = Release|Any CPU
		{83665ACD-0B2E-481B-A801-A2447E453215}.Release|Any CPU.Build.0 = Release|Any CPU
		{6B4CA8D8-9E0C-44B4-B096-7E46D2DBBB81}.Debug|Any CPU.ActiveCfg = Debug|Any CPU
		{6B4CA8D8-9E0C-44B4-B096-7E46D2DBBB81}.Debug|Any CPU.Build.0 = Debug|Any CPU
		{6B4CA8D8-9E0C-44B4-B096-7E46D2DBBB81}.Release|Any CPU.ActiveCfg = Release|Any CPU
		{6B4CA8D8-9E0C-44B4-B096-7E46D2DBBB81}.Release|Any CPU.Build.0 = Release|Any CPU
	EndGlobalSection
	GlobalSection(SolutionProperties) = preSolution
		HideSolutionNode = FALSE
	EndGlobalSection
	GlobalSection(NestedProjects) = preSolution
		{93FB5DD0-464D-42F5-A404-4C067473BE6D} = {97C7B094-52FC-41A5-B8FC-45EAAECB8917}
		{F0603815-F567-4368-8D05-9C3BD9CE4FA5} = {93FB5DD0-464D-42F5-A404-4C067473BE6D}
		{015D00E3-3DF1-453A-B76D-ECAC9E41A52A} = {97C7B094-52FC-41A5-B8FC-45EAAECB8917}
		{BBCC7DC5-698F-430E-996E-22D6294087D2} = {015D00E3-3DF1-453A-B76D-ECAC9E41A52A}
		{D0321E92-4F8C-466F-AFEB-9CE29D634196} = {97C7B094-52FC-41A5-B8FC-45EAAECB8917}
		{B8094FE3-EEF2-428D-9D8F-6479ED8EA4DA} = {D0321E92-4F8C-466F-AFEB-9CE29D634196}
		{FBB1A287-D415-4489-926A-AE9535DA97FD} = {97C7B094-52FC-41A5-B8FC-45EAAECB8917}
		{18424C41-86A3-4A3B-98B6-13DC5C889388} = {FBB1A287-D415-4489-926A-AE9535DA97FD}
		{6B32A4DC-6005-42A6-AEA6-2CEA20BA3D60} = {97C7B094-52FC-41A5-B8FC-45EAAECB8917}
		{5084F252-2B9F-4AAB-96E3-BC6E518E3502} = {6B32A4DC-6005-42A6-AEA6-2CEA20BA3D60}
		{1263FF6D-91AD-4C25-BE30-F15FB31A1A1C} = {6B3CCECE-E705-49E5-9D41-33158C9B050A}
		{4BF40DA7-E6CD-4A9D-BC7F-9C9E1C9BA118} = {1263FF6D-91AD-4C25-BE30-F15FB31A1A1C}
		{CDDE834A-D8AA-44E9-8208-17B1ACF54F2E} = {6B3CCECE-E705-49E5-9D41-33158C9B050A}
		{3A4D576F-7E5C-45D8-B238-736CEA0DF07C} = {CDDE834A-D8AA-44E9-8208-17B1ACF54F2E}
		{4D56D81F-AA2A-4AE0-8E3B-80571D150214} = {6B3CCECE-E705-49E5-9D41-33158C9B050A}
		{78794A08-0B1F-456B-BE3D-6DC73BC881C9} = {4D56D81F-AA2A-4AE0-8E3B-80571D150214}
		{11B7D606-6333-4F9E-94C3-8D694CF642FF} = {6B3CCECE-E705-49E5-9D41-33158C9B050A}
		{6B4CA8D8-9E0C-44B4-B096-7E46D2DBBB81} = {11B7D606-6333-4F9E-94C3-8D694CF642FF}
	EndGlobalSection
	GlobalSection(ExtensibilityGlobals) = postSolution
		SolutionGuid = {F91CD5A3-2E4B-49FD-AD00-01D6E6BA8877}
	EndGlobalSection
EndGlobal
