
Microsoft Visual Studio Solution File, Format Version 12.00
# Visual Studio Version 17
VisualStudioVersion = 17.5.002.0
MinimumVisualStudioVersion = 10.0.40219.1
Project("{2150E333-8FDC-42A3-9474-1A3956D46DE8}") = "Indexering", "Indexering", "{84C47AE9-8A99-4B38-81CB-F0215DC0FCDF}"
EndProject
Project("{2150E333-8FDC-42A3-9474-1A3956D46DE8}") = "1. Bokstav på varje rad", "1. Bokstav på varje rad", "{4D390CBB-A569-49CC-9825-B768DFB56C61}"
EndProject
Project("{9A19103F-16F7-4668-BE54-9A1E7A4F7556}") = "BPVR", "Indexering\1. Bokstav på varje rad\BPVR\BPVR.csproj", "{4400E3F6-6105-4822-A00E-6CAD7BA6A152}"
EndProject
Project("{2150E333-8FDC-42A3-9474-1A3956D46DE8}") = "2. Siffror till text", "2. Siffror till text", "{7CCC35FB-B13A-4363-B0EE-02636756164C}"
EndProject
Project("{9A19103F-16F7-4668-BE54-9A1E7A4F7556}") = "STT", "Indexering\2. Siffror till text\STT\STT.csproj", "{C3F7F855-1407-4EC1-ADFF-C13EED5246DD}"
EndProject
Project("{2150E333-8FDC-42A3-9474-1A3956D46DE8}") = "3. Baklänges", "3. Baklänges", "{6828B643-C325-42A8-B865-D1E4C01FFF30}"
EndProject
Project("{9A19103F-16F7-4668-BE54-9A1E7A4F7556}") = "Baklänges", "Indexering\3. Baklänges\Baklänges\Baklänges.csproj", "{832294D7-1C04-40FC-A021-0868DC5F3769}"
EndProject
Project("{2150E333-8FDC-42A3-9474-1A3956D46DE8}") = "4. Dölj vokaler", "4. Dölj vokaler", "{7A5F23CA-B8D7-4292-9CDB-769534E099F6}"
EndProject
Project("{9A19103F-16F7-4668-BE54-9A1E7A4F7556}") = "DV", "Indexering\4. Dölj vokaler\DV\DV.csproj", "{C4B27E85-DB49-4800-9E7E-A2ECCD941B82}"
EndProject
Project("{2150E333-8FDC-42A3-9474-1A3956D46DE8}") = "6. Miniräknare", "6. Miniräknare", "{73F29CCA-037D-41D5-BA1D-3AC88D8233E4}"
EndProject
Project("{9A19103F-16F7-4668-BE54-9A1E7A4F7556}") = "Miniräknare", "Indexering\6. Miniräknare\Miniräknare\Miniräknare.csproj", "{5CF752BF-1FB4-4FB7-A799-9C4A9DEF987B}"
EndProject
Project("{2150E333-8FDC-42A3-9474-1A3956D46DE8}") = "Variabler", "Variabler", "{FB131B2E-00AC-4C02-B183-6C1FAA90C507}"
EndProject
Project("{2150E333-8FDC-42A3-9474-1A3956D46DE8}") = "1. HPA", "1. HPA", "{D23E3CDE-AB3F-477C-AA66-95FFD0A78A00}"
EndProject
Project("{9A19103F-16F7-4668-BE54-9A1E7A4F7556}") = "HPA", "Variabler\1. HPA\HPA\HPA.csproj", "{86624C6C-0E13-4FA5-8689-A360B9100909}"
EndProject
Project("{2150E333-8FDC-42A3-9474-1A3956D46DE8}") = "2. MTT", "2. MTT", "{C2219FFD-A8D3-49CD-9732-A209C85A7DC6}"
EndProject
Project("{9A19103F-16F7-4668-BE54-9A1E7A4F7556}") = "MTT", "Variabler\2. MTT\MTT\MTT.csproj", "{510FA922-E382-42C3-89FE-94DAE4B2B979}"
EndProject
Project("{2150E333-8FDC-42A3-9474-1A3956D46DE8}") = "Lösenord", "Lösenord", "{44E20583-FDBC-45F2-9287-38C7FAEF514B}"
EndProject
Project("{9A19103F-16F7-4668-BE54-9A1E7A4F7556}") = "Lösenord", "Variabler\Lösenord\Lösenord\Lösenord.csproj", "{D2CBF716-2E3C-4F30-A4C0-263F06E6AECF}"
EndProject
Global
	GlobalSection(SolutionConfigurationPlatforms) = preSolution
		Debug|Any CPU = Debug|Any CPU
		Release|Any CPU = Release|Any CPU
	EndGlobalSection
	GlobalSection(ProjectConfigurationPlatforms) = postSolution
		{4400E3F6-6105-4822-A00E-6CAD7BA6A152}.Debug|Any CPU.ActiveCfg = Debug|Any CPU
		{4400E3F6-6105-4822-A00E-6CAD7BA6A152}.Debug|Any CPU.Build.0 = Debug|Any CPU
		{4400E3F6-6105-4822-A00E-6CAD7BA6A152}.Release|Any CPU.ActiveCfg = Release|Any CPU
		{4400E3F6-6105-4822-A00E-6CAD7BA6A152}.Release|Any CPU.Build.0 = Release|Any CPU
		{C3F7F855-1407-4EC1-ADFF-C13EED5246DD}.Debug|Any CPU.ActiveCfg = Debug|Any CPU
		{C3F7F855-1407-4EC1-ADFF-C13EED5246DD}.Debug|Any CPU.Build.0 = Debug|Any CPU
		{C3F7F855-1407-4EC1-ADFF-C13EED5246DD}.Release|Any CPU.ActiveCfg = Release|Any CPU
		{C3F7F855-1407-4EC1-ADFF-C13EED5246DD}.Release|Any CPU.Build.0 = Release|Any CPU
		{832294D7-1C04-40FC-A021-0868DC5F3769}.Debug|Any CPU.ActiveCfg = Debug|Any CPU
		{832294D7-1C04-40FC-A021-0868DC5F3769}.Debug|Any CPU.Build.0 = Debug|Any CPU
		{832294D7-1C04-40FC-A021-0868DC5F3769}.Release|Any CPU.ActiveCfg = Release|Any CPU
		{832294D7-1C04-40FC-A021-0868DC5F3769}.Release|Any CPU.Build.0 = Release|Any CPU
		{C4B27E85-DB49-4800-9E7E-A2ECCD941B82}.Debug|Any CPU.ActiveCfg = Debug|Any CPU
		{C4B27E85-DB49-4800-9E7E-A2ECCD941B82}.Debug|Any CPU.Build.0 = Debug|Any CPU
		{C4B27E85-DB49-4800-9E7E-A2ECCD941B82}.Release|Any CPU.ActiveCfg = Release|Any CPU
		{C4B27E85-DB49-4800-9E7E-A2ECCD941B82}.Release|Any CPU.Build.0 = Release|Any CPU
		{5CF752BF-1FB4-4FB7-A799-9C4A9DEF987B}.Debug|Any CPU.ActiveCfg = Debug|Any CPU
		{5CF752BF-1FB4-4FB7-A799-9C4A9DEF987B}.Debug|Any CPU.Build.0 = Debug|Any CPU
		{5CF752BF-1FB4-4FB7-A799-9C4A9DEF987B}.Release|Any CPU.ActiveCfg = Release|Any CPU
		{5CF752BF-1FB4-4FB7-A799-9C4A9DEF987B}.Release|Any CPU.Build.0 = Release|Any CPU
		{86624C6C-0E13-4FA5-8689-A360B9100909}.Debug|Any CPU.ActiveCfg = Debug|Any CPU
		{86624C6C-0E13-4FA5-8689-A360B9100909}.Debug|Any CPU.Build.0 = Debug|Any CPU
		{86624C6C-0E13-4FA5-8689-A360B9100909}.Release|Any CPU.ActiveCfg = Release|Any CPU
		{86624C6C-0E13-4FA5-8689-A360B9100909}.Release|Any CPU.Build.0 = Release|Any CPU
		{510FA922-E382-42C3-89FE-94DAE4B2B979}.Debug|Any CPU.ActiveCfg = Debug|Any CPU
		{510FA922-E382-42C3-89FE-94DAE4B2B979}.Debug|Any CPU.Build.0 = Debug|Any CPU
		{510FA922-E382-42C3-89FE-94DAE4B2B979}.Release|Any CPU.ActiveCfg = Release|Any CPU
		{510FA922-E382-42C3-89FE-94DAE4B2B979}.Release|Any CPU.Build.0 = Release|Any CPU
		{D2CBF716-2E3C-4F30-A4C0-263F06E6AECF}.Debug|Any CPU.ActiveCfg = Debug|Any CPU
		{D2CBF716-2E3C-4F30-A4C0-263F06E6AECF}.Debug|Any CPU.Build.0 = Debug|Any CPU
		{D2CBF716-2E3C-4F30-A4C0-263F06E6AECF}.Release|Any CPU.ActiveCfg = Release|Any CPU
		{D2CBF716-2E3C-4F30-A4C0-263F06E6AECF}.Release|Any CPU.Build.0 = Release|Any CPU
	EndGlobalSection
	GlobalSection(SolutionProperties) = preSolution
		HideSolutionNode = FALSE
	EndGlobalSection
	GlobalSection(NestedProjects) = preSolution
		{4D390CBB-A569-49CC-9825-B768DFB56C61} = {84C47AE9-8A99-4B38-81CB-F0215DC0FCDF}
		{4400E3F6-6105-4822-A00E-6CAD7BA6A152} = {4D390CBB-A569-49CC-9825-B768DFB56C61}
		{7CCC35FB-B13A-4363-B0EE-02636756164C} = {84C47AE9-8A99-4B38-81CB-F0215DC0FCDF}
		{C3F7F855-1407-4EC1-ADFF-C13EED5246DD} = {7CCC35FB-B13A-4363-B0EE-02636756164C}
		{6828B643-C325-42A8-B865-D1E4C01FFF30} = {84C47AE9-8A99-4B38-81CB-F0215DC0FCDF}
		{832294D7-1C04-40FC-A021-0868DC5F3769} = {6828B643-C325-42A8-B865-D1E4C01FFF30}
		{7A5F23CA-B8D7-4292-9CDB-769534E099F6} = {84C47AE9-8A99-4B38-81CB-F0215DC0FCDF}
		{C4B27E85-DB49-4800-9E7E-A2ECCD941B82} = {7A5F23CA-B8D7-4292-9CDB-769534E099F6}
		{73F29CCA-037D-41D5-BA1D-3AC88D8233E4} = {84C47AE9-8A99-4B38-81CB-F0215DC0FCDF}
		{5CF752BF-1FB4-4FB7-A799-9C4A9DEF987B} = {73F29CCA-037D-41D5-BA1D-3AC88D8233E4}
		{D23E3CDE-AB3F-477C-AA66-95FFD0A78A00} = {FB131B2E-00AC-4C02-B183-6C1FAA90C507}
		{86624C6C-0E13-4FA5-8689-A360B9100909} = {D23E3CDE-AB3F-477C-AA66-95FFD0A78A00}
		{C2219FFD-A8D3-49CD-9732-A209C85A7DC6} = {FB131B2E-00AC-4C02-B183-6C1FAA90C507}
		{510FA922-E382-42C3-89FE-94DAE4B2B979} = {C2219FFD-A8D3-49CD-9732-A209C85A7DC6}
		{44E20583-FDBC-45F2-9287-38C7FAEF514B} = {FB131B2E-00AC-4C02-B183-6C1FAA90C507}
		{D2CBF716-2E3C-4F30-A4C0-263F06E6AECF} = {44E20583-FDBC-45F2-9287-38C7FAEF514B}
	EndGlobalSection
	GlobalSection(ExtensibilityGlobals) = postSolution
		SolutionGuid = {F91CD5A3-2E4B-49FD-AD00-01D6E6BA8877}
	EndGlobalSection
EndGlobal
