
Microsoft Visual Studio Solution File, Format Version 12.00
# Visual Studio Version 17
VisualStudioVersion = 17.5.002.0
MinimumVisualStudioVersion = 10.0.40219.1
Project("{2150E333-8FDC-42A3-9474-1A3956D46DE8}") = "Indexering", "Indexering", "{EF642B30-DD48-4163-8407-A2D79A5F498B}"
EndProject
Project("{2150E333-8FDC-42A3-9474-1A3956D46DE8}") = "1. Bokstav på varje rad", "1. Bokstav på varje rad", "{F1AF08BF-D5B9-4B6F-9CB8-8E5774D20481}"
EndProject
Project("{9A19103F-16F7-4668-BE54-9A1E7A4F7556}") = "BPVR", "Indexering\1. Bokstav på varje rad\BPVR\BPVR.csproj", "{0DE5DA10-9B3D-4479-9A16-9B44D4E86498}"
EndProject
Project("{2150E333-8FDC-42A3-9474-1A3956D46DE8}") = "2. Siffror till text", "2. Siffror till text", "{7AB78F8C-D537-4CDF-82ED-FE89CC033D07}"
EndProject
Project("{9A19103F-16F7-4668-BE54-9A1E7A4F7556}") = "STT", "Indexering\2. Siffror till text\STT\STT.csproj", "{19F86905-F13B-47F1-B96C-FA74FF062852}"
EndProject
Project("{2150E333-8FDC-42A3-9474-1A3956D46DE8}") = "3. Baklänges", "3. Baklänges", "{FF531451-8093-44AC-BF46-8BDE3DC9AAFE}"
EndProject
Project("{9A19103F-16F7-4668-BE54-9A1E7A4F7556}") = "Baklänges", "Indexering\3. Baklänges\Baklänges\Baklänges.csproj", "{AD9560E7-0D7B-4361-A543-8CEC07637B35}"
EndProject
Project("{2150E333-8FDC-42A3-9474-1A3956D46DE8}") = "4. Dölj vokaler", "4. Dölj vokaler", "{8E9E9BF3-B501-4A24-B9EF-A7D17E6DE7D9}"
EndProject
Project("{9A19103F-16F7-4668-BE54-9A1E7A4F7556}") = "DV", "Indexering\4. Dölj vokaler\DV\DV.csproj", "{0B076835-6897-40AF-86F3-72CF22F98273}"
EndProject
Project("{2150E333-8FDC-42A3-9474-1A3956D46DE8}") = "6. Miniräknare", "6. Miniräknare", "{B645129C-9878-4CB5-9F89-FE38BACD01AC}"
EndProject
Project("{9A19103F-16F7-4668-BE54-9A1E7A4F7556}") = "Miniräknare", "Indexering\6. Miniräknare\Miniräknare\Miniräknare.csproj", "{0834D419-7D54-439E-A792-775C41EC00A3}"
EndProject
Global
	GlobalSection(SolutionConfigurationPlatforms) = preSolution
		Debug|Any CPU = Debug|Any CPU
		Release|Any CPU = Release|Any CPU
	EndGlobalSection
	GlobalSection(ProjectConfigurationPlatforms) = postSolution
		{0DE5DA10-9B3D-4479-9A16-9B44D4E86498}.Debug|Any CPU.ActiveCfg = Debug|Any CPU
		{0DE5DA10-9B3D-4479-9A16-9B44D4E86498}.Debug|Any CPU.Build.0 = Debug|Any CPU
		{0DE5DA10-9B3D-4479-9A16-9B44D4E86498}.Release|Any CPU.ActiveCfg = Release|Any CPU
		{0DE5DA10-9B3D-4479-9A16-9B44D4E86498}.Release|Any CPU.Build.0 = Release|Any CPU
		{19F86905-F13B-47F1-B96C-FA74FF062852}.Debug|Any CPU.ActiveCfg = Debug|Any CPU
		{19F86905-F13B-47F1-B96C-FA74FF062852}.Debug|Any CPU.Build.0 = Debug|Any CPU
		{19F86905-F13B-47F1-B96C-FA74FF062852}.Release|Any CPU.ActiveCfg = Release|Any CPU
		{19F86905-F13B-47F1-B96C-FA74FF062852}.Release|Any CPU.Build.0 = Release|Any CPU
		{AD9560E7-0D7B-4361-A543-8CEC07637B35}.Debug|Any CPU.ActiveCfg = Debug|Any CPU
		{AD9560E7-0D7B-4361-A543-8CEC07637B35}.Debug|Any CPU.Build.0 = Debug|Any CPU
		{AD9560E7-0D7B-4361-A543-8CEC07637B35}.Release|Any CPU.ActiveCfg = Release|Any CPU
		{AD9560E7-0D7B-4361-A543-8CEC07637B35}.Release|Any CPU.Build.0 = Release|Any CPU
		{0B076835-6897-40AF-86F3-72CF22F98273}.Debug|Any CPU.ActiveCfg = Debug|Any CPU
		{0B076835-6897-40AF-86F3-72CF22F98273}.Debug|Any CPU.Build.0 = Debug|Any CPU
		{0B076835-6897-40AF-86F3-72CF22F98273}.Release|Any CPU.ActiveCfg = Release|Any CPU
		{0B076835-6897-40AF-86F3-72CF22F98273}.Release|Any CPU.Build.0 = Release|Any CPU
		{0834D419-7D54-439E-A792-775C41EC00A3}.Debug|Any CPU.ActiveCfg = Debug|Any CPU
		{0834D419-7D54-439E-A792-775C41EC00A3}.Debug|Any CPU.Build.0 = Debug|Any CPU
		{0834D419-7D54-439E-A792-775C41EC00A3}.Release|Any CPU.ActiveCfg = Release|Any CPU
		{0834D419-7D54-439E-A792-775C41EC00A3}.Release|Any CPU.Build.0 = Release|Any CPU
	EndGlobalSection
	GlobalSection(SolutionProperties) = preSolution
		HideSolutionNode = FALSE
	EndGlobalSection
	GlobalSection(NestedProjects) = preSolution
		{F1AF08BF-D5B9-4B6F-9CB8-8E5774D20481} = {EF642B30-DD48-4163-8407-A2D79A5F498B}
		{0DE5DA10-9B3D-4479-9A16-9B44D4E86498} = {F1AF08BF-D5B9-4B6F-9CB8-8E5774D20481}
		{7AB78F8C-D537-4CDF-82ED-FE89CC033D07} = {EF642B30-DD48-4163-8407-A2D79A5F498B}
		{19F86905-F13B-47F1-B96C-FA74FF062852} = {7AB78F8C-D537-4CDF-82ED-FE89CC033D07}
		{FF531451-8093-44AC-BF46-8BDE3DC9AAFE} = {EF642B30-DD48-4163-8407-A2D79A5F498B}
		{AD9560E7-0D7B-4361-A543-8CEC07637B35} = {FF531451-8093-44AC-BF46-8BDE3DC9AAFE}
		{8E9E9BF3-B501-4A24-B9EF-A7D17E6DE7D9} = {EF642B30-DD48-4163-8407-A2D79A5F498B}
		{0B076835-6897-40AF-86F3-72CF22F98273} = {8E9E9BF3-B501-4A24-B9EF-A7D17E6DE7D9}
		{B645129C-9878-4CB5-9F89-FE38BACD01AC} = {EF642B30-DD48-4163-8407-A2D79A5F498B}
		{0834D419-7D54-439E-A792-775C41EC00A3} = {B645129C-9878-4CB5-9F89-FE38BACD01AC}
	EndGlobalSection
	GlobalSection(ExtensibilityGlobals) = postSolution
		SolutionGuid = {F91CD5A3-2E4B-49FD-AD00-01D6E6BA8877}
	EndGlobalSection
EndGlobal
