
Microsoft Visual Studio Solution File, Format Version 12.00
# Visual Studio Version 17
VisualStudioVersion = 17.5.002.0
MinimumVisualStudioVersion = 10.0.40219.1
Project("{9A19103F-16F7-4668-BE54-9A1E7A4F7556}") = "Properties", "Properties.csproj", "{889B03D5-B445-41EA-9BA5-B9155E68A581}"
EndProject
Project("{FAE04EC0-301F-11D3-BF4B-00C04F79EFBC}") = "Vattenglas", "Vattenglas\Vattenglas.csproj", "{F922E032-373D-432D-B91D-60D9FC9FCB30}"
EndProject
Global
	GlobalSection(SolutionConfigurationPlatforms) = preSolution
		Debug|Any CPU = Debug|Any CPU
		Release|Any CPU = Release|Any CPU
	EndGlobalSection
	GlobalSection(ProjectConfigurationPlatforms) = postSolution
		{889B03D5-B445-41EA-9BA5-B9155E68A581}.Debug|Any CPU.ActiveCfg = Debug|Any CPU
		{889B03D5-B445-41EA-9BA5-B9155E68A581}.Debug|Any CPU.Build.0 = Debug|Any CPU
		{889B03D5-B445-41EA-9BA5-B9155E68A581}.Release|Any CPU.ActiveCfg = Release|Any CPU
		{889B03D5-B445-41EA-9BA5-B9155E68A581}.Release|Any CPU.Build.0 = Release|Any CPU
		{F922E032-373D-432D-B91D-60D9FC9FCB30}.Debug|Any CPU.ActiveCfg = Debug|Any CPU
		{F922E032-373D-432D-B91D-60D9FC9FCB30}.Debug|Any CPU.Build.0 = Debug|Any CPU
		{F922E032-373D-432D-B91D-60D9FC9FCB30}.Release|Any CPU.ActiveCfg = Release|Any CPU
		{F922E032-373D-432D-B91D-60D9FC9FCB30}.Release|Any CPU.Build.0 = Release|Any CPU
	EndGlobalSection
	GlobalSection(SolutionProperties) = preSolution
		HideSolutionNode = FALSE
	EndGlobalSection
	GlobalSection(ExtensibilityGlobals) = postSolution
		SolutionGuid = {5EA816D9-80F0-428D-8081-5B38723950B6}
	EndGlobalSection
EndGlobal
