
Microsoft Visual Studio Solution File, Format Version 12.00
# Visual Studio Version 17
VisualStudioVersion = 17.5.002.0
MinimumVisualStudioVersion = 10.0.40219.1
Project("{9A19103F-16F7-4668-BE54-9A1E7A4F7556}") = "Labb 1 – Hitta tal i sträng med tecken", "Labb 1 – Hitta tal i sträng med tecken.csproj", "{1C3F3878-20A1-4E51-9E68-03309C647B56}"
EndProject
Global
	GlobalSection(SolutionConfigurationPlatforms) = preSolution
		Debug|Any CPU = Debug|Any CPU
		Release|Any CPU = Release|Any CPU
	EndGlobalSection
	GlobalSection(ProjectConfigurationPlatforms) = postSolution
		{1C3F3878-20A1-4E51-9E68-03309C647B56}.Debug|Any CPU.ActiveCfg = Debug|Any CPU
		{1C3F3878-20A1-4E51-9E68-03309C647B56}.Debug|Any CPU.Build.0 = Debug|Any CPU
		{1C3F3878-20A1-4E51-9E68-03309C647B56}.Release|Any CPU.ActiveCfg = Release|Any CPU
		{1C3F3878-20A1-4E51-9E68-03309C647B56}.Release|Any CPU.Build.0 = Release|Any CPU
	EndGlobalSection
	GlobalSection(SolutionProperties) = preSolution
		HideSolutionNode = FALSE
	EndGlobalSection
	GlobalSection(ExtensibilityGlobals) = postSolution
		SolutionGuid = {F4900AEE-B3B6-4763-8424-40C1A7BB2660}
	EndGlobalSection
EndGlobal
